// !$*UTF8*$!
{
	archiveVersion = 1;
	classes = {
	};
	objectVersion = 48;
	objects = {

/* Begin PBXBuildFile section */
		C6F8E2B3203E410300A665FD /* AppDelegate.swift in Sources */ = {isa = PBXBuildFile; fileRef = C6F8E2B2203E410300A665FD /* AppDelegate.swift */; };
		C6F8E2B5203E410300A665FD /* ViewController.swift in Sources */ = {isa = PBXBuildFile; fileRef = C6F8E2B4203E410300A665FD /* ViewController.swift */; };
		C6F8E2B8203E410300A665FD /* Main.storyboard in Resources */ = {isa = PBXBuildFile; fileRef = C6F8E2B6203E410300A665FD /* Main.storyboard */; };
		C6F8E2BA203E410300A665FD /* Assets.xcassets in Resources */ = {isa = PBXBuildFile; fileRef = C6F8E2B9203E410300A665FD /* Assets.xcassets */; };
		C6F8E2BD203E410300A665FD /* LaunchScreen.storyboard in Resources */ = {isa = PBXBuildFile; fileRef = C6F8E2BB203E410300A665FD /* LaunchScreen.storyboard */; };
		C6F8E2C8203E410400A665FD /* InstagramTests.swift in Sources */ = {isa = PBXBuildFile; fileRef = C6F8E2C7203E410400A665FD /* InstagramTests.swift */; };
		C6F8E2D3203E410400A665FD /* InstagramUITests.swift in Sources */ = {isa = PBXBuildFile; fileRef = C6F8E2D2203E410400A665FD /* InstagramUITests.swift */; };
/* End PBXBuildFile section */

/* Begin PBXContainerItemProxy section */
		C6F8E2C4203E410400A665FD /* PBXContainerItemProxy */ = {
			isa = PBXContainerItemProxy;
			containerPortal = C6F8E2A7203E410300A665FD /* Project object */;
			proxyType = 1;
			remoteGlobalIDString = C6F8E2AE203E410300A665FD;
			remoteInfo = Instagram;
		};
		C6F8E2CF203E410400A665FD /* PBXContainerItemProxy */ = {
			isa = PBXContainerItemProxy;
			containerPortal = C6F8E2A7203E410300A665FD /* Project object */;
			proxyType = 1;
			remoteGlobalIDString = C6F8E2AE203E410300A665FD;
			remoteInfo = Instagram;
		};
/* End PBXContainerItemProxy section */

/* Begin PBXFileReference section */
		C6F8E2AF203E410300A665FD /* Instagram.app */ = {isa = PBXFileReference; explicitFileType = wrapper.application; includeInIndex = 0; path = Instagram.app; sourceTree = BUILT_PRODUCTS_DIR; };
		C6F8E2B2203E410300A665FD /* AppDelegate.swift */ = {isa = PBXFileReference; lastKnownFileType = sourcecode.swift; path = AppDelegate.swift; sourceTree = "<group>"; };
		C6F8E2B4203E410300A665FD /* ViewController.swift */ = {isa = PBXFileReference; lastKnownFileType = sourcecode.swift; path = ViewController.swift; sourceTree = "<group>"; };
		C6F8E2B7203E410300A665FD /* Base */ = {isa = PBXFileReference; lastKnownFileType = file.storyboard; name = Base; path = Base.lproj/Main.storyboard; sourceTree = "<group>"; };
		C6F8E2B9203E410300A665FD /* Assets.xcassets */ = {isa = PBXFileReference; lastKnownFileType = folder.assetcatalog; path = Assets.xcassets; sourceTree = "<group>"; };
		C6F8E2BC203E410300A665FD /* Base */ = {isa = PBXFileReference; lastKnownFileType = file.storyboard; name = Base; path = Base.lproj/LaunchScreen.storyboard; sourceTree = "<group>"; };
		C6F8E2BE203E410300A665FD /* Info.plist */ = {isa = PBXFileReference; lastKnownFileType = text.plist.xml; path = Info.plist; sourceTree = "<group>"; };
		C6F8E2C3203E410400A665FD /* InstagramTests.xctest */ = {isa = PBXFileReference; explicitFileType = wrapper.cfbundle; includeInIndex = 0; path = InstagramTests.xctest; sourceTree = BUILT_PRODUCTS_DIR; };
		C6F8E2C7203E410400A665FD /* InstagramTests.swift */ = {isa = PBXFileReference; lastKnownFileType = sourcecode.swift; path = InstagramTests.swift; sourceTree = "<group>"; };
		C6F8E2C9203E410400A665FD /* Info.plist */ = {isa = PBXFileReference; lastKnownFileType = text.plist.xml; path = Info.plist; sourceTree = "<group>"; };
		C6F8E2CE203E410400A665FD /* InstagramUITests.xctest */ = {isa = PBXFileReference; explicitFileType = wrapper.cfbundle; includeInIndex = 0; path = InstagramUITests.xctest; sourceTree = BUILT_PRODUCTS_DIR; };
		C6F8E2D2203E410400A665FD /* InstagramUITests.swift */ = {isa = PBXFileReference; lastKnownFileType = sourcecode.swift; path = InstagramUITests.swift; sourceTree = "<group>"; };
		C6F8E2D4203E410400A665FD /* Info.plist */ = {isa = PBXFileReference; lastKnownFileType = text.plist.xml; path = Info.plist; sourceTree = "<group>"; };
/* End PBXFileReference section */

/* Begin PBXFrameworksBuildPhase section */
		C6F8E2AC203E410300A665FD /* Frameworks */ = {
			isa = PBXFrameworksBuildPhase;
			buildActionMask = 2147483647;
			files = (
			);
			runOnlyForDeploymentPostprocessing = 0;
		};
		C6F8E2C0203E410400A665FD /* Frameworks */ = {
			isa = PBXFrameworksBuildPhase;
			buildActionMask = 2147483647;
			files = (
			);
			runOnlyForDeploymentPostprocessing = 0;
		};
		C6F8E2CB203E410400A665FD /* Frameworks */ = {
			isa = PBXFrameworksBuildPhase;
			buildActionMask = 2147483647;
			files = (
			);
			runOnlyForDeploymentPostprocessing = 0;
		};
/* End PBXFrameworksBuildPhase section */

/* Begin PBXGroup section */
		C6F8E2A6203E410300A665FD = {
			isa = PBXGroup;
			children = (
				C6F8E2B1203E410300A665FD /* Instagram */,
				C6F8E2C6203E410400A665FD /* InstagramTests */,
				C6F8E2D1203E410400A665FD /* InstagramUITests */,
				C6F8E2B0203E410300A665FD /* Products */,
			);
			sourceTree = "<group>";
		};
		C6F8E2B0203E410300A665FD /* Products */ = {
			isa = PBXGroup;
			children = (
				C6F8E2AF203E410300A665FD /* Instagram.app */,
				C6F8E2C3203E410400A665FD /* InstagramTests.xctest */,
				C6F8E2CE203E410400A665FD /* InstagramUITests.xctest */,
			);
			name = Products;
			sourceTree = "<group>";
		};
		C6F8E2B1203E410300A665FD /* Instagram */ = {
			isa = PBXGroup;
			children = (
				C6F8E2B2203E410300A665FD /* AppDelegate.swift */,
				C6F8E2B4203E410300A665FD /* ViewController.swift */,
				C6F8E2B6203E410300A665FD /* Main.storyboard */,
				C6F8E2B9203E410300A665FD /* Assets.xcassets */,
				C6F8E2BB203E410300A665FD /* LaunchScreen.storyboard */,
				C6F8E2BE203E410300A665FD /* Info.plist */,
			);
			path = Instagram;
			sourceTree = "<group>";
		};
		C6F8E2C6203E410400A665FD /* InstagramTests */ = {
			isa = PBXGroup;
			children = (
				C6F8E2C7203E410400A665FD /* InstagramTests.swift */,
				C6F8E2C9203E410400A665FD /* Info.plist */,
			);
			path = InstagramTests;
			sourceTree = "<group>";
		};
		C6F8E2D1203E410400A665FD /* InstagramUITests */ = {
			isa = PBXGroup;
			children = (
				C6F8E2D2203E410400A665FD /* InstagramUITests.swift */,
				C6F8E2D4203E410400A665FD /* Info.plist */,
			);
			path = InstagramUITests;
			sourceTree = "<group>";
		};
/* End PBXGroup section */

/* Begin PBXNativeTarget section */
		C6F8E2AE203E410300A665FD /* Instagram */ = {
			isa = PBXNativeTarget;
			buildConfigurationList = C6F8E2D7203E410400A665FD /* Build configuration list for PBXNativeTarget "Instagram" */;
			buildPhases = (
				C6F8E2AB203E410300A665FD /* Sources */,
				C6F8E2AC203E410300A665FD /* Frameworks */,
				C6F8E2AD203E410300A665FD /* Resources */,
			);
			buildRules = (
			);
			dependencies = (
			);
			name = Instagram;
			productName = Instagram;
			productReference = C6F8E2AF203E410300A665FD /* Instagram.app */;
			productType = "com.apple.product-type.application";
		};
		C6F8E2C2203E410400A665FD /* InstagramTests */ = {
			isa = PBXNativeTarget;
			buildConfigurationList = C6F8E2DA203E410400A665FD /* Build configuration list for PBXNativeTarget "InstagramTests" */;
			buildPhases = (
				C6F8E2BF203E410400A665FD /* Sources */,
				C6F8E2C0203E410400A665FD /* Frameworks */,
				C6F8E2C1203E410400A665FD /* Resources */,
			);
			buildRules = (
			);
			dependencies = (
				C6F8E2C5203E410400A665FD /* PBXTargetDependency */,
			);
			name = InstagramTests;
			productName = InstagramTests;
			productReference = C6F8E2C3203E410400A665FD /* InstagramTests.xctest */;
			productType = "com.apple.product-type.bundle.unit-test";
		};
		C6F8E2CD203E410400A665FD /* InstagramUITests */ = {
			isa = PBXNativeTarget;
			buildConfigurationList = C6F8E2DD203E410400A665FD /* Build configuration list for PBXNativeTarget "InstagramUITests" */;
			buildPhases = (
				C6F8E2CA203E410400A665FD /* Sources */,
				C6F8E2CB203E410400A665FD /* Frameworks */,
				C6F8E2CC203E410400A665FD /* Resources */,
			);
			buildRules = (
			);
			dependencies = (
				C6F8E2D0203E410400A665FD /* PBXTargetDependency */,
			);
			name = InstagramUITests;
			productName = InstagramUITests;
			productReference = C6F8E2CE203E410400A665FD /* InstagramUITests.xctest */;
			productType = "com.apple.product-type.bundle.ui-testing";
		};
/* End PBXNativeTarget section */

/* Begin PBXProject section */
		C6F8E2A7203E410300A665FD /* Project object */ = {
			isa = PBXProject;
			attributes = {
				LastSwiftUpdateCheck = 0920;
				LastUpgradeCheck = 0920;
				ORGANIZATIONNAME = "William D.";
				TargetAttributes = {
					C6F8E2AE203E410300A665FD = {
						CreatedOnToolsVersion = 9.2;
						ProvisioningStyle = Automatic;
					};
					C6F8E2C2203E410400A665FD = {
						CreatedOnToolsVersion = 9.2;
						ProvisioningStyle = Automatic;
						TestTargetID = C6F8E2AE203E410300A665FD;
					};
					C6F8E2CD203E410400A665FD = {
						CreatedOnToolsVersion = 9.2;
						ProvisioningStyle = Automatic;
						TestTargetID = C6F8E2AE203E410300A665FD;
					};
				};
			};
			buildConfigurationList = C6F8E2AA203E410300A665FD /* Build configuration list for PBXProject "Instagram" */;
			compatibilityVersion = "Xcode 8.0";
			developmentRegion = en;
			hasScannedForEncodings = 0;
			knownRegions = (
				en,
				Base,
			);
			mainGroup = C6F8E2A6203E410300A665FD;
			productRefGroup = C6F8E2B0203E410300A665FD /* Products */;
			projectDirPath = "";
			projectRoot = "";
			targets = (
				C6F8E2AE203E410300A665FD /* Instagram */,
				C6F8E2C2203E410400A665FD /* InstagramTests */,
				C6F8E2CD203E410400A665FD /* InstagramUITests */,
			);
		};
/* End PBXProject section */

/* Begin PBXResourcesBuildPhase section */
		C6F8E2AD203E410300A665FD /* Resources */ = {
			isa = PBXResourcesBuildPhase;
			buildActionMask = 2147483647;
			files = (
				C6F8E2BD203E410300A665FD /* LaunchScreen.storyboard in Resources */,
				C6F8E2BA203E410300A665FD /* Assets.xcassets in Resources */,
				C6F8E2B8203E410300A665FD /* Main.storyboard in Resources */,
			);
			runOnlyForDeploymentPostprocessing = 0;
		};
		C6F8E2C1203E410400A665FD /* Resources */ = {
			isa = PBXResourcesBuildPhase;
			buildActionMask = 2147483647;
			files = (
			);
			runOnlyForDeploymentPostprocessing = 0;
		};
		C6F8E2CC203E410400A665FD /* Resources */ = {
			isa = PBXResourcesBuildPhase;
			buildActionMask = 2147483647;
			files = (
			);
			runOnlyForDeploymentPostprocessing = 0;
		};
/* End PBXResourcesBuildPhase section */

/* Begin PBXSourcesBuildPhase section */
		C6F8E2AB203E410300A665FD /* Sources */ = {
			isa = PBXSourcesBuildPhase;
			buildActionMask = 2147483647;
			files = (
				C6F8E2B5203E410300A665FD /* ViewController.swift in Sources */,
				C6F8E2B3203E410300A665FD /* AppDelegate.swift in Sources */,
			);
			runOnlyForDeploymentPostprocessing = 0;
		};
		C6F8E2BF203E410400A665FD /* Sources */ = {
			isa = PBXSourcesBuildPhase;
			buildActionMask = 2147483647;
			files = (
				C6F8E2C8203E410400A665FD /* InstagramTests.swift in Sources */,
			);
			runOnlyForDeploymentPostprocessing = 0;
		};
		C6F8E2CA203E410400A665FD /* Sources */ = {
			isa = PBXSourcesBuildPhase;
			buildActionMask = 2147483647;
			files = (
				C6F8E2D3203E410400A665FD /* InstagramUITests.swift in Sources */,
			);
			runOnlyForDeploymentPostprocessing = 0;
		};
/* End PBXSourcesBuildPhase section */

/* Begin PBXTargetDependency section */
		C6F8E2C5203E410400A665FD /* PBXTargetDependency */ = {
			isa = PBXTargetDependency;
			target = C6F8E2AE203E410300A665FD /* Instagram */;
			targetProxy = C6F8E2C4203E410400A665FD /* PBXContainerItemProxy */;
		};
		C6F8E2D0203E410400A665FD /* PBXTargetDependency */ = {
			isa = PBXTargetDependency;
			target = C6F8E2AE203E410300A665FD /* Instagram */;
			targetProxy = C6F8E2CF203E410400A665FD /* PBXContainerItemProxy */;
		};
/* End PBXTargetDependency section */

/* Begin PBXVariantGroup section */
		C6F8E2B6203E410300A665FD /* Main.storyboard */ = {
			isa = PBXVariantGroup;
			children = (
				C6F8E2B7203E410300A665FD /* Base */,
			);
			name = Main.storyboard;
			sourceTree = "<group>";
		};
		C6F8E2BB203E410300A665FD /* LaunchScreen.storyboard */ = {
			isa = PBXVariantGroup;
			children = (
				C6F8E2BC203E410300A665FD /* Base */,
			);
			name = LaunchScreen.storyboard;
			sourceTree = "<group>";
		};
/* End PBXVariantGroup section */

/* Begin XCBuildConfiguration section */
		C6F8E2D5203E410400A665FD /* Debug */ = {
			isa = XCBuildConfiguration;
			buildSettings = {
				ALWAYS_SEARCH_USER_PATHS = NO;
				CLANG_ANALYZER_NONNULL = YES;
				CLANG_ANALYZER_NUMBER_OBJECT_CONVERSION = YES_AGGRESSIVE;
				CLANG_CXX_LANGUAGE_STANDARD = "gnu++14";
				CLANG_CXX_LIBRARY = "libc++";
				CLANG_ENABLE_MODULES = YES;
				CLANG_ENABLE_OBJC_ARC = YES;
				CLANG_WARN_BLOCK_CAPTURE_AUTORELEASING = YES;
				CLANG_WARN_BOOL_CONVERSION = YES;
				CLANG_WARN_COMMA = YES;
				CLANG_WARN_CONSTANT_CONVERSION = YES;
				CLANG_WARN_DIRECT_OBJC_ISA_USAGE = YES_ERROR;
				CLANG_WARN_DOCUMENTATION_COMMENTS = YES;
				CLANG_WARN_EMPTY_BODY = YES;
				CLANG_WARN_ENUM_CONVERSION = YES;
				CLANG_WARN_INFINITE_RECURSION = YES;
				CLANG_WARN_INT_CONVERSION = YES;
				CLANG_WARN_NON_LITERAL_NULL_CONVERSION = YES;
				CLANG_WARN_OBJC_LITERAL_CONVERSION = YES;
				CLANG_WARN_OBJC_ROOT_CLASS = YES_ERROR;
				CLANG_WARN_RANGE_LOOP_ANALYSIS = YES;
				CLANG_WARN_STRICT_PROTOTYPES = YES;
				CLANG_WARN_SUSPICIOUS_MOVE = YES;
				CLANG_WARN_UNGUARDED_AVAILABILITY = YES_AGGRESSIVE;
				CLANG_WARN_UNREACHABLE_CODE = YES;
				CLANG_WARN__DUPLICATE_METHOD_MATCH = YES;
				CODE_SIGN_IDENTITY = "iPhone Developer";
				COPY_PHASE_STRIP = NO;
				DEBUG_INFORMATION_FORMAT = dwarf;
				ENABLE_STRICT_OBJC_MSGSEND = YES;
				ENABLE_TESTABILITY = YES;
				GCC_C_LANGUAGE_STANDARD = gnu11;
				GCC_DYNAMIC_NO_PIC = NO;
				GCC_NO_COMMON_BLOCKS = YES;
				GCC_OPTIMIZATION_LEVEL = 0;
				GCC_PREPROCESSOR_DEFINITIONS = (
					"DEBUG=1",
					"$(inherited)",
				);
				GCC_WARN_64_TO_32_BIT_CONVERSION = YES;
				GCC_WARN_ABOUT_RETURN_TYPE = YES_ERROR;
				GCC_WARN_UNDECLARED_SELECTOR = YES;
				GCC_WARN_UNINITIALIZED_AUTOS = YES_AGGRESSIVE;
				GCC_WARN_UNUSED_FUNCTION = YES;
				GCC_WARN_UNUSED_VARIABLE = YES;
				IPHONEOS_DEPLOYMENT_TARGET = 11.2;
				MTL_ENABLE_DEBUG_INFO = YES;
				ONLY_ACTIVE_ARCH = YES;
				SDKROOT = iphoneos;
				SWIFT_ACTIVE_COMPILATION_CONDITIONS = DEBUG;
				SWIFT_OPTIMIZATION_LEVEL = "-Onone";
			};
			name = Debug;
		};
		C6F8E2D6203E410400A665FD /* Release */ = {
			isa = XCBuildConfiguration;
			buildSettings = {
				ALWAYS_SEARCH_USER_PATHS = NO;
				CLANG_ANALYZER_NONNULL = YES;
				CLANG_ANALYZER_NUMBER_OBJECT_CONVERSION = YES_AGGRESSIVE;
				CLANG_CXX_LANGUAGE_STANDARD = "gnu++14";
				CLANG_CXX_LIBRARY = "libc++";
				CLANG_ENABLE_MODULES = YES;
				CLANG_ENABLE_OBJC_ARC = YES;
				CLANG_WARN_BLOCK_CAPTURE_AUTORELEASING = YES;
				CLANG_WARN_BOOL_CONVERSION = YES;
				CLANG_WARN_COMMA = YES;
				CLANG_WARN_CONSTANT_CONVERSION = YES;
				CLANG_WARN_DIRECT_OBJC_ISA_USAGE = YES_ERROR;
				CLANG_WARN_DOCUMENTATION_COMMENTS = YES;
				CLANG_WARN_EMPTY_BODY = YES;
				CLANG_WARN_ENUM_CONVERSION = YES;
				CLANG_WARN_INFINITE_RECURSION = YES;
				CLANG_WARN_INT_CONVERSION = YES;
				CLANG_WARN_NON_LITERAL_NULL_CONVERSION = YES;
				CLANG_WARN_OBJC_LITERAL_CONVERSION = YES;
				CLANG_WARN_OBJC_ROOT_CLASS = YES_ERROR;
				CLANG_WARN_RANGE_LOOP_ANALYSIS = YES;
				CLANG_WARN_STRICT_PROTOTYPES = YES;
				CLANG_WARN_SUSPICIOUS_MOVE = YES;
				CLANG_WARN_UNGUARDED_AVAILABILITY = YES_AGGRESSIVE;
				CLANG_WARN_UNREACHABLE_CODE = YES;
				CLANG_WARN__DUPLICATE_METHOD_MATCH = YES;
				CODE_SIGN_IDENTITY = "iPhone Developer";
				COPY_PHASE_STRIP = NO;
				DEBUG_INFORMATION_FORMAT = "dwarf-with-dsym";
				ENABLE_NS_ASSERTIONS = NO;
				ENABLE_STRICT_OBJC_MSGSEND = YES;
				GCC_C_LANGUAGE_STANDARD = gnu11;
				GCC_NO_COMMON_BLOCKS = YES;
				GCC_WARN_64_TO_32_BIT_CONVERSION = YES;
				GCC_WARN_ABOUT_RETURN_TYPE = YES_ERROR;
				GCC_WARN_UNDECLARED_SELECTOR = YES;
				GCC_WARN_UNINITIALIZED_AUTOS = YES_AGGRESSIVE;
				GCC_WARN_UNUSED_FUNCTION = YES;
				GCC_WARN_UNUSED_VARIABLE = YES;
				IPHONEOS_DEPLOYMENT_TARGET = 11.2;
				MTL_ENABLE_DEBUG_INFO = NO;
				SDKROOT = iphoneos;
				SWIFT_OPTIMIZATION_LEVEL = "-Owholemodule";
				VALIDATE_PRODUCT = YES;
			};
			name = Release;
		};
		C6F8E2D8203E410400A665FD /* Debug */ = {
			isa = XCBuildConfiguration;
			buildSettings = {
				ASSETCATALOG_COMPILER_APPICON_NAME = AppIcon;
				CODE_SIGN_STYLE = Automatic;
				INFOPLIST_FILE = Instagram/Info.plist;
				LD_RUNPATH_SEARCH_PATHS = "$(inherited) @executable_path/Frameworks";
				PRODUCT_BUNDLE_IDENTIFIER = codepath.Instagram;
				PRODUCT_NAME = "$(TARGET_NAME)";
				SWIFT_VERSION = 4.0;
				TARGETED_DEVICE_FAMILY = "1,2";
			};
			name = Debug;
		};
		C6F8E2D9203E410400A665FD /* Release */ = {
			isa = XCBuildConfiguration;
			buildSettings = {
				ASSETCATALOG_COMPILER_APPICON_NAME = AppIcon;
				CODE_SIGN_STYLE = Automatic;
				INFOPLIST_FILE = Instagram/Info.plist;
				LD_RUNPATH_SEARCH_PATHS = "$(inherited) @executable_path/Frameworks";
				PRODUCT_BUNDLE_IDENTIFIER = codepath.Instagram;
				PRODUCT_NAME = "$(TARGET_NAME)";
				SWIFT_VERSION = 4.0;
				TARGETED_DEVICE_FAMILY = "1,2";
			};
			name = Release;
		};
		C6F8E2DB203E410400A665FD /* Debug */ = {
			isa = XCBuildConfiguration;
			buildSettings = {
				ALWAYS_EMBED_SWIFT_STANDARD_LIBRARIES = YES;
				BUNDLE_LOADER = "$(TEST_HOST)";
				CODE_SIGN_STYLE = Automatic;
				INFOPLIST_FILE = InstagramTests/Info.plist;
				LD_RUNPATH_SEARCH_PATHS = "$(inherited) @executable_path/Frameworks @loader_path/Frameworks";
				PRODUCT_BUNDLE_IDENTIFIER = codepath.InstagramTests;
				PRODUCT_NAME = "$(TARGET_NAME)";
				SWIFT_VERSION = 4.0;
				TARGETED_DEVICE_FAMILY = "1,2";
				TEST_HOST = "$(BUILT_PRODUCTS_DIR)/Instagram.app/Instagram";
			};
			name = Debug;
		};
		C6F8E2DC203E410400A665FD /* Release */ = {
			isa = XCBuildConfiguration;
			buildSettings = {
				ALWAYS_EMBED_SWIFT_STANDARD_LIBRARIES = YES;
				BUNDLE_LOADER = "$(TEST_HOST)";
				CODE_SIGN_STYLE = Automatic;
				INFOPLIST_FILE = InstagramTests/Info.plist;
				LD_RUNPATH_SEARCH_PATHS = "$(inherited) @executable_path/Frameworks @loader_path/Frameworks";
				PRODUCT_BUNDLE_IDENTIFIER = codepath.InstagramTests;
				PRODUCT_NAME = "$(TARGET_NAME)";
				SWIFT_VERSION = 4.0;
				TARGETED_DEVICE_FAMILY = "1,2";
				TEST_HOST = "$(BUILT_PRODUCTS_DIR)/Instagram.app/Instagram";
			};
			name = Release;
		};
		C6F8E2DE203E410400A665FD /* Debug */ = {
			isa = XCBuildConfiguration;
			buildSettings = {
				ALWAYS_EMBED_SWIFT_STANDARD_LIBRARIES = YES;
				CODE_SIGN_STYLE = Automatic;
				INFOPLIST_FILE = InstagramUITests/Info.plist;
				LD_RUNPATH_SEARCH_PATHS = "$(inherited) @executable_path/Frameworks @loader_path/Frameworks";
				PRODUCT_BUNDLE_IDENTIFIER = codepath.InstagramUITests;
				PRODUCT_NAME = "$(TARGET_NAME)";
				SWIFT_VERSION = 4.0;
				TARGETED_DEVICE_FAMILY = "1,2";
				TEST_TARGET_NAME = Instagram;
			};
			name = Debug;
		};
		C6F8E2DF203E410400A665FD /* Release */ = {
			isa = XCBuildConfiguration;
			buildSettings = {
				ALWAYS_EMBED_SWIFT_STANDARD_LIBRARIES = YES;
				CODE_SIGN_STYLE = Automatic;
				INFOPLIST_FILE = InstagramUITests/Info.plist;
				LD_RUNPATH_SEARCH_PATHS = "$(inherited) @executable_path/Frameworks @loader_path/Frameworks";
				PRODUCT_BUNDLE_IDENTIFIER = codepath.InstagramUITests;
				PRODUCT_NAME = "$(TARGET_NAME)";
				SWIFT_VERSION = 4.0;
				TARGETED_DEVICE_FAMILY = "1,2";
				TEST_TARGET_NAME = Instagram;
			};
			name = Release;
		};
/* End XCBuildConfiguration section */

/* Begin XCConfigurationList section */
		C6F8E2AA203E410300A665FD /* Build configuration list for PBXProject "Instagram" */ = {
			isa = XCConfigurationList;
			buildConfigurations = (
				C6F8E2D5203E410400A665FD /* Debug */,
				C6F8E2D6203E410400A665FD /* Release */,
			);
			defaultConfigurationIsVisible = 0;
			defaultConfigurationName = Release;
		};
		C6F8E2D7203E410400A665FD /* Build configuration list for PBXNativeTarget "Instagram" */ = {
			isa = XCConfigurationList;
			buildConfigurations = (
				C6F8E2D8203E410400A665FD /* Debug */,
				C6F8E2D9203E410400A665FD /* Release */,
			);
			defaultConfigurationIsVisible = 0;
			defaultConfigurationName = Release;
		};
		C6F8E2DA203E410400A665FD /* Build configuration list for PBXNativeTarget "InstagramTests" */ = {
			isa = XCConfigurationList;
			buildConfigurations = (
				C6F8E2DB203E410400A665FD /* Debug */,
				C6F8E2DC203E410400A665FD /* Release */,
			);
			defaultConfigurationIsVisible = 0;
			defaultConfigurationName = Release;
		};
		C6F8E2DD203E410400A665FD /* Build configuration list for PBXNativeTarget "InstagramUITests" */ = {
			isa = XCConfigurationList;
			buildConfigurations = (
				C6F8E2DE203E410400A665FD /* Debug */,
				C6F8E2DF203E410400A665FD /* Release */,
			);
			defaultConfigurationIsVisible = 0;
			defaultConfigurationName = Release;
		};
/* End XCConfigurationList section */
	};
	rootObject = C6F8E2A7203E410300A665FD /* Project object */;
}
